
Microsoft Visual Studio Solution File, Format Version 12.00
# Visual Studio Version 17
VisualStudioVersion = 17.5.002.0
MinimumVisualStudioVersion = 10.0.40219.1
Project("{9A19103F-16F7-4668-BE54-9A1E7A4F7556}") = "Exercicios", "Exercicios.csproj", "{08A6765C-2A9F-4C47-A0CE-BC825899A9C4}"
EndProject
Project("{9A19103F-16F7-4668-BE54-9A1E7A4F7556}") = "1001", "1001\1001.csproj", "{061ED4C8-29E2-4085-8288-EAB800B32148}"
EndProject
Project("{9A19103F-16F7-4668-BE54-9A1E7A4F7556}") = "1002", "1002\1002.csproj", "{E7CC7487-1598-4FED-A9A9-976647A22C1E}"
EndProject
Project("{9A19103F-16F7-4668-BE54-9A1E7A4F7556}") = "1003", "1003\1003.csproj", "{0F0BA953-DEDA-47F4-A223-0CC139706393}"
EndProject
Project("{9A19103F-16F7-4668-BE54-9A1E7A4F7556}") = "1004", "1004\1004.csproj", "{BB0C36BB-74A8-4167-91F2-E848F9429F07}"
EndProject
Project("{9A19103F-16F7-4668-BE54-9A1E7A4F7556}") = "1005", "1005\1005.csproj", "{87EDB28E-A6FB-49D5-AAC9-1B970D231F8C}"
EndProject
Project("{9A19103F-16F7-4668-BE54-9A1E7A4F7556}") = "1006", "1006\1006.csproj", "{8B10BC3E-AFDC-4C87-8404-FB43FEADDDAB}"
EndProject
Project("{9A19103F-16F7-4668-BE54-9A1E7A4F7556}") = "1007", "1007\1007.csproj", "{5C22216E-B453-4978-8F02-5910FEFE4936}"
EndProject
Project("{9A19103F-16F7-4668-BE54-9A1E7A4F7556}") = "1008", "1008\1008.csproj", "{DE96B55C-D288-440D-8E6F-B25D59F5F97F}"
EndProject
Project("{9A19103F-16F7-4668-BE54-9A1E7A4F7556}") = "1009", "1009\1009.csproj", "{CDEBDD67-D7FE-4701-A3E6-B63306021788}"
EndProject
Project("{9A19103F-16F7-4668-BE54-9A1E7A4F7556}") = "1010", "1010\1010.csproj", "{4B65C868-FB1B-4FD8-9C1A-F6B9BA76809B}"
EndProject
Project("{9A19103F-16F7-4668-BE54-9A1E7A4F7556}") = "1011", "1011\1011.csproj", "{0AA8023F-3DA1-445E-829A-C265B3B69DE3}"
EndProject
Project("{9A19103F-16F7-4668-BE54-9A1E7A4F7556}") = "1012", "1012\1012.csproj", "{BF5D858A-7A4D-41C6-860C-431F2786121C}"
EndProject
Project("{9A19103F-16F7-4668-BE54-9A1E7A4F7556}") = "1013", "1013\1013.csproj", "{4A8F3556-AE29-45AE-8533-0937A21F4015}"
EndProject
Project("{9A19103F-16F7-4668-BE54-9A1E7A4F7556}") = "1014", "1014\1014.csproj", "{F89F9222-920E-4DA1-B6FC-9E0C7DB1D910}"
EndProject
Project("{9A19103F-16F7-4668-BE54-9A1E7A4F7556}") = "1015", "1015\1015.csproj", "{52793160-4F03-4CC9-AF0A-7BC918D81445}"
EndProject
Project("{9A19103F-16F7-4668-BE54-9A1E7A4F7556}") = "1016", "1016\1016.csproj", "{4340B69C-5FA3-4464-94D7-3D522087ED56}"
EndProject
Project("{9A19103F-16F7-4668-BE54-9A1E7A4F7556}") = "1017", "1017\1017.csproj", "{ADC7CF3F-889C-46D5-92B3-C318EDB76461}"
EndProject
Project("{9A19103F-16F7-4668-BE54-9A1E7A4F7556}") = "1018", "1018\1018.csproj", "{9ADA8FF5-BB0E-4E24-B60E-6FBEFAE86C38}"
EndProject
Project("{9A19103F-16F7-4668-BE54-9A1E7A4F7556}") = "1019", "1019\1019.csproj", "{7DF24F57-DF19-46D7-883A-959E865022D5}"
EndProject
Project("{9A19103F-16F7-4668-BE54-9A1E7A4F7556}") = "1020", "1020\1020.csproj", "{7BE0840E-90F6-4209-BC9A-F08BD96C0D94}"
EndProject
Project("{9A19103F-16F7-4668-BE54-9A1E7A4F7556}") = "1035", "1035\1035.csproj", "{2FAF52FF-C2C1-43B9-B04C-3D6DF6DC264B}"
EndProject
Project("{9A19103F-16F7-4668-BE54-9A1E7A4F7556}") = "1036", "1036\1036.csproj", "{2B44E909-05E9-4271-BD69-03B53FB8D63A}"
EndProject
Project("{9A19103F-16F7-4668-BE54-9A1E7A4F7556}") = "1037", "1037\1037.csproj", "{7AC2E968-C241-4F5D-8A7A-6CC234953961}"
EndProject
Project("{9A19103F-16F7-4668-BE54-9A1E7A4F7556}") = "1038", "1038\1038.csproj", "{BFE2A690-714B-4B75-8C44-97E909D8500B}"
EndProject
Project("{9A19103F-16F7-4668-BE54-9A1E7A4F7556}") = "1042", "1042\1042.csproj", "{AE687594-D13A-4756-A38A-3E80BE7DDAF6}"
EndProject
Project("{9A19103F-16F7-4668-BE54-9A1E7A4F7556}") = "1043", "1043\1043.csproj", "{E993F971-D40F-46FD-A448-E4A587F41261}"
EndProject
Project("{9A19103F-16F7-4668-BE54-9A1E7A4F7556}") = "1044", "1044\1044.csproj", "{9840DCA6-06E1-4A07-8FFC-5C9B7E6417C3}"
EndProject
Project("{9A19103F-16F7-4668-BE54-9A1E7A4F7556}") = "1046", "1046\1046.csproj", "{0D668A0C-4E5F-4F50-933E-C5AB1DB9FA58}"
EndProject
Project("{9A19103F-16F7-4668-BE54-9A1E7A4F7556}") = "1048", "1048\1048.csproj", "{F2E8D27F-88A6-4F36-BC7A-74F1AA253A6E}"
EndProject
Project("{9A19103F-16F7-4668-BE54-9A1E7A4F7556}") = "1049", "1049\1049.csproj", "{D6EE7856-D8DC-44B2-94E2-CF994A519DDB}"
EndProject
Project("{9A19103F-16F7-4668-BE54-9A1E7A4F7556}") = "1050", "1050\1050.csproj", "{28C9C4D7-9F3B-47BA-8261-4D166391666E}"
EndProject
Project("{9A19103F-16F7-4668-BE54-9A1E7A4F7556}") = "1051", "1051\1051.csproj", "{E1D495CE-92A9-4EB9-994F-762F713E7C5A}"
EndProject
Project("{9A19103F-16F7-4668-BE54-9A1E7A4F7556}") = "1052", "1052\1052.csproj", "{77C664DF-1D6B-49CF-85F2-2CFA08CDBB0B}"
EndProject
Project("{9A19103F-16F7-4668-BE54-9A1E7A4F7556}") = "1059", "1059\1059.csproj", "{DDA624EA-4B90-4A7F-A07C-9CBB068139F9}"
EndProject
Project("{9A19103F-16F7-4668-BE54-9A1E7A4F7556}") = "1060", "1060\1060.csproj", "{4D7CF7FA-365F-4ECD-B4E8-50130D6E9C7A}"
EndProject
Project("{9A19103F-16F7-4668-BE54-9A1E7A4F7556}") = "1061", "1061\1061.csproj", "{E6E9E306-7EF2-4317-A0C7-C7E51449896E}"
EndProject
Project("{9A19103F-16F7-4668-BE54-9A1E7A4F7556}") = "1064", "1064\1064.csproj", "{40A5421B-0E3C-4A0B-8A39-BB5D1AA5E230}"
EndProject
Project("{9A19103F-16F7-4668-BE54-9A1E7A4F7556}") = "1065", "1065\1065.csproj", "{430A7752-111E-408E-81CF-78CA477E03FE}"
EndProject
Project("{9A19103F-16F7-4668-BE54-9A1E7A4F7556}") = "1066", "1066\1066.csproj", "{5A035054-60C9-4B90-AB65-F5136B803A36}"
EndProject
Project("{9A19103F-16F7-4668-BE54-9A1E7A4F7556}") = "1070", "1070\1070.csproj", "{B7947B53-1BE7-4D98-8C6B-37CD193F361A}"
EndProject
Project("{9A19103F-16F7-4668-BE54-9A1E7A4F7556}") = "1072", "1072\1072.csproj", "{0E7DF3D8-59EB-4781-B761-939FEB33D5ED}"
EndProject
Project("{9A19103F-16F7-4668-BE54-9A1E7A4F7556}") = "1074", "1074\1074.csproj", "{7BFB1244-78F7-4E3E-87CD-2BC0ACCAC6CA}"
EndProject
Project("{9A19103F-16F7-4668-BE54-9A1E7A4F7556}") = "1078", "1078\1078.csproj", "{E7A894B4-2A9A-4E75-B164-A65FD2E43C8D}"
EndProject
Project("{9A19103F-16F7-4668-BE54-9A1E7A4F7556}") = "1079", "1079\1079.csproj", "{8B6F7877-525E-4C8C-8A2E-5E72970F77C3}"
EndProject
Project("{9A19103F-16F7-4668-BE54-9A1E7A4F7556}") = "1099", "1099\1099.csproj", "{BAB944B9-FCD9-43A2-8558-39D5B3B74F0F}"
EndProject
Project("{9A19103F-16F7-4668-BE54-9A1E7A4F7556}") = "1113", "1113\1113.csproj", "{ED3AD15E-C7ED-444F-A3F2-F135A69B8FAB}"
EndProject
Project("{9A19103F-16F7-4668-BE54-9A1E7A4F7556}") = "1114", "1114\1114.csproj", "{7899E207-BD11-4533-9919-C49FB0988BF0}"
EndProject
Project("{9A19103F-16F7-4668-BE54-9A1E7A4F7556}") = "1116", "1116\1116.csproj", "{325491FA-42BD-4E50-81F2-ED56B3F07E22}"
EndProject
Project("{9A19103F-16F7-4668-BE54-9A1E7A4F7556}") = "1117", "1117\1117.csproj", "{126A7A9D-CE0A-446D-8E67-777835340211}"
EndProject
Project("{9A19103F-16F7-4668-BE54-9A1E7A4F7556}") = "1132", "1132\1132.csproj", "{39188C7F-E7C9-4E1E-8891-8B7BEB105B44}"
EndProject
Project("{9A19103F-16F7-4668-BE54-9A1E7A4F7556}") = "1924", "1924\1924.csproj", "{3F58FABC-F97C-4473-9C24-25014EC1A1B3}"
EndProject
Project("{9A19103F-16F7-4668-BE54-9A1E7A4F7556}") = "2006", "2006\2006.csproj", "{7083E817-CF12-4A47-B78A-B9D3B78D37B5}"
EndProject
Project("{9A19103F-16F7-4668-BE54-9A1E7A4F7556}") = "2060", "2060\2060.csproj", "{AA484104-A7D1-47BB-9C75-F5C8BB498CFE}"
EndProject
Project("{9A19103F-16F7-4668-BE54-9A1E7A4F7556}") = "2862", "2862\2862.csproj", "{55BE0CE4-4E3F-43E7-9405-63388A2C9EBA}"
EndProject
Project("{9A19103F-16F7-4668-BE54-9A1E7A4F7556}") = "2936", "2936\2936.csproj", "{3FBD4070-F06A-4640-99E9-31A6814B4AE6}"
EndProject
Project("{9A19103F-16F7-4668-BE54-9A1E7A4F7556}") = "2987", "2987\2987.csproj", "{B58B19CB-EC09-4058-9A90-E5FA4955755E}"
EndProject
Project("{9A19103F-16F7-4668-BE54-9A1E7A4F7556}") = "3040", "3040\3040.csproj", "{7EF8FB53-5779-4E01-8F7E-BE154AE0D4A4}"
EndProject
Project("{9A19103F-16F7-4668-BE54-9A1E7A4F7556}") = "3091", "3091\3091.csproj", "{F535072B-A734-4004-97BA-DCBAF4ABA0DC}"
EndProject
Project("{9A19103F-16F7-4668-BE54-9A1E7A4F7556}") = "3157", "3157\3157.csproj", "{0DB71F34-AFB4-4708-9005-6692E94DB411}"
EndProject
Project("{9A19103F-16F7-4668-BE54-9A1E7A4F7556}") = "3303", "3303\3303.csproj", "{412231D8-ADFE-41A6-8FDF-54BE8B23160C}"
EndProject
Project("{9A19103F-16F7-4668-BE54-9A1E7A4F7556}") = "unknown_01", "_01\unknown_01.csproj", "{30A8FF49-D606-480C-993B-4AAB9E02EEEA}"
EndProject
Global
	GlobalSection(SolutionConfigurationPlatforms) = preSolution
		Debug|Any CPU = Debug|Any CPU
		Release|Any CPU = Release|Any CPU
	EndGlobalSection
	GlobalSection(ProjectConfigurationPlatforms) = postSolution
		{08A6765C-2A9F-4C47-A0CE-BC825899A9C4}.Debug|Any CPU.ActiveCfg = Debug|Any CPU
		{08A6765C-2A9F-4C47-A0CE-BC825899A9C4}.Debug|Any CPU.Build.0 = Debug|Any CPU
		{08A6765C-2A9F-4C47-A0CE-BC825899A9C4}.Release|Any CPU.ActiveCfg = Release|Any CPU
		{08A6765C-2A9F-4C47-A0CE-BC825899A9C4}.Release|Any CPU.Build.0 = Release|Any CPU
		{061ED4C8-29E2-4085-8288-EAB800B32148}.Debug|Any CPU.ActiveCfg = Debug|Any CPU
		{061ED4C8-29E2-4085-8288-EAB800B32148}.Debug|Any CPU.Build.0 = Debug|Any CPU
		{061ED4C8-29E2-4085-8288-EAB800B32148}.Release|Any CPU.ActiveCfg = Release|Any CPU
		{061ED4C8-29E2-4085-8288-EAB800B32148}.Release|Any CPU.Build.0 = Release|Any CPU
		{E7CC7487-1598-4FED-A9A9-976647A22C1E}.Debug|Any CPU.ActiveCfg = Debug|Any CPU
		{E7CC7487-1598-4FED-A9A9-976647A22C1E}.Debug|Any CPU.Build.0 = Debug|Any CPU
		{E7CC7487-1598-4FED-A9A9-976647A22C1E}.Release|Any CPU.ActiveCfg = Release|Any CPU
		{E7CC7487-1598-4FED-A9A9-976647A22C1E}.Release|Any CPU.Build.0 = Release|Any CPU
		{0F0BA953-DEDA-47F4-A223-0CC139706393}.Debug|Any CPU.ActiveCfg = Debug|Any CPU
		{0F0BA953-DEDA-47F4-A223-0CC139706393}.Debug|Any CPU.Build.0 = Debug|Any CPU
		{0F0BA953-DEDA-47F4-A223-0CC139706393}.Release|Any CPU.ActiveCfg = Release|Any CPU
		{0F0BA953-DEDA-47F4-A223-0CC139706393}.Release|Any CPU.Build.0 = Release|Any CPU
		{BB0C36BB-74A8-4167-91F2-E848F9429F07}.Debug|Any CPU.ActiveCfg = Debug|Any CPU
		{BB0C36BB-74A8-4167-91F2-E848F9429F07}.Debug|Any CPU.Build.0 = Debug|Any CPU
		{BB0C36BB-74A8-4167-91F2-E848F9429F07}.Release|Any CPU.ActiveCfg = Release|Any CPU
		{BB0C36BB-74A8-4167-91F2-E848F9429F07}.Release|Any CPU.Build.0 = Release|Any CPU
		{87EDB28E-A6FB-49D5-AAC9-1B970D231F8C}.Debug|Any CPU.ActiveCfg = Debug|Any CPU
		{87EDB28E-A6FB-49D5-AAC9-1B970D231F8C}.Debug|Any CPU.Build.0 = Debug|Any CPU
		{87EDB28E-A6FB-49D5-AAC9-1B970D231F8C}.Release|Any CPU.ActiveCfg = Release|Any CPU
		{87EDB28E-A6FB-49D5-AAC9-1B970D231F8C}.Release|Any CPU.Build.0 = Release|Any CPU
		{8B10BC3E-AFDC-4C87-8404-FB43FEADDDAB}.Debug|Any CPU.ActiveCfg = Debug|Any CPU
		{8B10BC3E-AFDC-4C87-8404-FB43FEADDDAB}.Debug|Any CPU.Build.0 = Debug|Any CPU
		{8B10BC3E-AFDC-4C87-8404-FB43FEADDDAB}.Release|Any CPU.ActiveCfg = Release|Any CPU
		{8B10BC3E-AFDC-4C87-8404-FB43FEADDDAB}.Release|Any CPU.Build.0 = Release|Any CPU
		{5C22216E-B453-4978-8F02-5910FEFE4936}.Debug|Any CPU.ActiveCfg = Debug|Any CPU
		{5C22216E-B453-4978-8F02-5910FEFE4936}.Debug|Any CPU.Build.0 = Debug|Any CPU
		{5C22216E-B453-4978-8F02-5910FEFE4936}.Release|Any CPU.ActiveCfg = Release|Any CPU
		{5C22216E-B453-4978-8F02-5910FEFE4936}.Release|Any CPU.Build.0 = Release|Any CPU
		{DE96B55C-D288-440D-8E6F-B25D59F5F97F}.Debug|Any CPU.ActiveCfg = Debug|Any CPU
		{DE96B55C-D288-440D-8E6F-B25D59F5F97F}.Debug|Any CPU.Build.0 = Debug|Any CPU
		{DE96B55C-D288-440D-8E6F-B25D59F5F97F}.Release|Any CPU.ActiveCfg = Release|Any CPU
		{DE96B55C-D288-440D-8E6F-B25D59F5F97F}.Release|Any CPU.Build.0 = Release|Any CPU
		{CDEBDD67-D7FE-4701-A3E6-B63306021788}.Debug|Any CPU.ActiveCfg = Debug|Any CPU
		{CDEBDD67-D7FE-4701-A3E6-B63306021788}.Debug|Any CPU.Build.0 = Debug|Any CPU
		{CDEBDD67-D7FE-4701-A3E6-B63306021788}.Release|Any CPU.ActiveCfg = Release|Any CPU
		{CDEBDD67-D7FE-4701-A3E6-B63306021788}.Release|Any CPU.Build.0 = Release|Any CPU
		{4B65C868-FB1B-4FD8-9C1A-F6B9BA76809B}.Debug|Any CPU.ActiveCfg = Debug|Any CPU
		{4B65C868-FB1B-4FD8-9C1A-F6B9BA76809B}.Debug|Any CPU.Build.0 = Debug|Any CPU
		{4B65C868-FB1B-4FD8-9C1A-F6B9BA76809B}.Release|Any CPU.ActiveCfg = Release|Any CPU
		{4B65C868-FB1B-4FD8-9C1A-F6B9BA76809B}.Release|Any CPU.Build.0 = Release|Any CPU
		{0AA8023F-3DA1-445E-829A-C265B3B69DE3}.Debug|Any CPU.ActiveCfg = Debug|Any CPU
		{0AA8023F-3DA1-445E-829A-C265B3B69DE3}.Debug|Any CPU.Build.0 = Debug|Any CPU
		{0AA8023F-3DA1-445E-829A-C265B3B69DE3}.Release|Any CPU.ActiveCfg = Release|Any CPU
		{0AA8023F-3DA1-445E-829A-C265B3B69DE3}.Release|Any CPU.Build.0 = Release|Any CPU
		{BF5D858A-7A4D-41C6-860C-431F2786121C}.Debug|Any CPU.ActiveCfg = Debug|Any CPU
		{BF5D858A-7A4D-41C6-860C-431F2786121C}.Debug|Any CPU.Build.0 = Debug|Any CPU
		{BF5D858A-7A4D-41C6-860C-431F2786121C}.Release|Any CPU.ActiveCfg = Release|Any CPU
		{BF5D858A-7A4D-41C6-860C-431F2786121C}.Release|Any CPU.Build.0 = Release|Any CPU
		{4A8F3556-AE29-45AE-8533-0937A21F4015}.Debug|Any CPU.ActiveCfg = Debug|Any CPU
		{4A8F3556-AE29-45AE-8533-0937A21F4015}.Debug|Any CPU.Build.0 = Debug|Any CPU
		{4A8F3556-AE29-45AE-8533-0937A21F4015}.Release|Any CPU.ActiveCfg = Release|Any CPU
		{4A8F3556-AE29-45AE-8533-0937A21F4015}.Release|Any CPU.Build.0 = Release|Any CPU
		{F89F9222-920E-4DA1-B6FC-9E0C7DB1D910}.Debug|Any CPU.ActiveCfg = Debug|Any CPU
		{F89F9222-920E-4DA1-B6FC-9E0C7DB1D910}.Debug|Any CPU.Build.0 = Debug|Any CPU
		{F89F9222-920E-4DA1-B6FC-9E0C7DB1D910}.Release|Any CPU.ActiveCfg = Release|Any CPU
		{F89F9222-920E-4DA1-B6FC-9E0C7DB1D910}.Release|Any CPU.Build.0 = Release|Any CPU
		{52793160-4F03-4CC9-AF0A-7BC918D81445}.Debug|Any CPU.ActiveCfg = Debug|Any CPU
		{52793160-4F03-4CC9-AF0A-7BC918D81445}.Debug|Any CPU.Build.0 = Debug|Any CPU
		{52793160-4F03-4CC9-AF0A-7BC918D81445}.Release|Any CPU.ActiveCfg = Release|Any CPU
		{52793160-4F03-4CC9-AF0A-7BC918D81445}.Release|Any CPU.Build.0 = Release|Any CPU
		{4340B69C-5FA3-4464-94D7-3D522087ED56}.Debug|Any CPU.ActiveCfg = Debug|Any CPU
		{4340B69C-5FA3-4464-94D7-3D522087ED56}.Debug|Any CPU.Build.0 = Debug|Any CPU
		{4340B69C-5FA3-4464-94D7-3D522087ED56}.Release|Any CPU.ActiveCfg = Release|Any CPU
		{4340B69C-5FA3-4464-94D7-3D522087ED56}.Release|Any CPU.Build.0 = Release|Any CPU
		{ADC7CF3F-889C-46D5-92B3-C318EDB76461}.Debug|Any CPU.ActiveCfg = Debug|Any CPU
		{ADC7CF3F-889C-46D5-92B3-C318EDB76461}.Debug|Any CPU.Build.0 = Debug|Any CPU
		{ADC7CF3F-889C-46D5-92B3-C318EDB76461}.Release|Any CPU.ActiveCfg = Release|Any CPU
		{ADC7CF3F-889C-46D5-92B3-C318EDB76461}.Release|Any CPU.Build.0 = Release|Any CPU
		{9ADA8FF5-BB0E-4E24-B60E-6FBEFAE86C38}.Debug|Any CPU.ActiveCfg = Debug|Any CPU
		{9ADA8FF5-BB0E-4E24-B60E-6FBEFAE86C38}.Debug|Any CPU.Build.0 = Debug|Any CPU
		{9ADA8FF5-BB0E-4E24-B60E-6FBEFAE86C38}.Release|Any CPU.ActiveCfg = Release|Any CPU
		{9ADA8FF5-BB0E-4E24-B60E-6FBEFAE86C38}.Release|Any CPU.Build.0 = Release|Any CPU
		{7DF24F57-DF19-46D7-883A-959E865022D5}.Debug|Any CPU.ActiveCfg = Debug|Any CPU
		{7DF24F57-DF19-46D7-883A-959E865022D5}.Debug|Any CPU.Build.0 = Debug|Any CPU
		{7DF24F57-DF19-46D7-883A-959E865022D5}.Release|Any CPU.ActiveCfg = Release|Any CPU
		{7DF24F57-DF19-46D7-883A-959E865022D5}.Release|Any CPU.Build.0 = Release|Any CPU
		{7BE0840E-90F6-4209-BC9A-F08BD96C0D94}.Debug|Any CPU.ActiveCfg = Debug|Any CPU
		{7BE0840E-90F6-4209-BC9A-F08BD96C0D94}.Debug|Any CPU.Build.0 = Debug|Any CPU
		{7BE0840E-90F6-4209-BC9A-F08BD96C0D94}.Release|Any CPU.ActiveCfg = Release|Any CPU
		{7BE0840E-90F6-4209-BC9A-F08BD96C0D94}.Release|Any CPU.Build.0 = Release|Any CPU
		{2FAF52FF-C2C1-43B9-B04C-3D6DF6DC264B}.Debug|Any CPU.ActiveCfg = Debug|Any CPU
		{2FAF52FF-C2C1-43B9-B04C-3D6DF6DC264B}.Debug|Any CPU.Build.0 = Debug|Any CPU
		{2FAF52FF-C2C1-43B9-B04C-3D6DF6DC264B}.Release|Any CPU.ActiveCfg = Release|Any CPU
		{2FAF52FF-C2C1-43B9-B04C-3D6DF6DC264B}.Release|Any CPU.Build.0 = Release|Any CPU
		{2B44E909-05E9-4271-BD69-03B53FB8D63A}.Debug|Any CPU.ActiveCfg = Debug|Any CPU
		{2B44E909-05E9-4271-BD69-03B53FB8D63A}.Debug|Any CPU.Build.0 = Debug|Any CPU
		{2B44E909-05E9-4271-BD69-03B53FB8D63A}.Release|Any CPU.ActiveCfg = Release|Any CPU
		{2B44E909-05E9-4271-BD69-03B53FB8D63A}.Release|Any CPU.Build.0 = Release|Any CPU
		{7AC2E968-C241-4F5D-8A7A-6CC234953961}.Debug|Any CPU.ActiveCfg = Debug|Any CPU
		{7AC2E968-C241-4F5D-8A7A-6CC234953961}.Debug|Any CPU.Build.0 = Debug|Any CPU
		{7AC2E968-C241-4F5D-8A7A-6CC234953961}.Release|Any CPU.ActiveCfg = Release|Any CPU
		{7AC2E968-C241-4F5D-8A7A-6CC234953961}.Release|Any CPU.Build.0 = Release|Any CPU
		{BFE2A690-714B-4B75-8C44-97E909D8500B}.Debug|Any CPU.ActiveCfg = Debug|Any CPU
		{BFE2A690-714B-4B75-8C44-97E909D8500B}.Debug|Any CPU.Build.0 = Debug|Any CPU
		{BFE2A690-714B-4B75-8C44-97E909D8500B}.Release|Any CPU.ActiveCfg = Release|Any CPU
		{BFE2A690-714B-4B75-8C44-97E909D8500B}.Release|Any CPU.Build.0 = Release|Any CPU
		{AE687594-D13A-4756-A38A-3E80BE7DDAF6}.Debug|Any CPU.ActiveCfg = Debug|Any CPU
		{AE687594-D13A-4756-A38A-3E80BE7DDAF6}.Debug|Any CPU.Build.0 = Debug|Any CPU
		{AE687594-D13A-4756-A38A-3E80BE7DDAF6}.Release|Any CPU.ActiveCfg = Release|Any CPU
		{AE687594-D13A-4756-A38A-3E80BE7DDAF6}.Release|Any CPU.Build.0 = Release|Any CPU
		{E993F971-D40F-46FD-A448-E4A587F41261}.Debug|Any CPU.ActiveCfg = Debug|Any CPU
		{E993F971-D40F-46FD-A448-E4A587F41261}.Debug|Any CPU.Build.0 = Debug|Any CPU
		{E993F971-D40F-46FD-A448-E4A587F41261}.Release|Any CPU.ActiveCfg = Release|Any CPU
		{E993F971-D40F-46FD-A448-E4A587F41261}.Release|Any CPU.Build.0 = Release|Any CPU
		{9840DCA6-06E1-4A07-8FFC-5C9B7E6417C3}.Debug|Any CPU.ActiveCfg = Debug|Any CPU
		{9840DCA6-06E1-4A07-8FFC-5C9B7E6417C3}.Debug|Any CPU.Build.0 = Debug|Any CPU
		{9840DCA6-06E1-4A07-8FFC-5C9B7E6417C3}.Release|Any CPU.ActiveCfg = Release|Any CPU
		{9840DCA6-06E1-4A07-8FFC-5C9B7E6417C3}.Release|Any CPU.Build.0 = Release|Any CPU
		{0D668A0C-4E5F-4F50-933E-C5AB1DB9FA58}.Debug|Any CPU.ActiveCfg = Debug|Any CPU
		{0D668A0C-4E5F-4F50-933E-C5AB1DB9FA58}.Debug|Any CPU.Build.0 = Debug|Any CPU
		{0D668A0C-4E5F-4F50-933E-C5AB1DB9FA58}.Release|Any CPU.ActiveCfg = Release|Any CPU
		{0D668A0C-4E5F-4F50-933E-C5AB1DB9FA58}.Release|Any CPU.Build.0 = Release|Any CPU
		{F2E8D27F-88A6-4F36-BC7A-74F1AA253A6E}.Debug|Any CPU.ActiveCfg = Debug|Any CPU
		{F2E8D27F-88A6-4F36-BC7A-74F1AA253A6E}.Debug|Any CPU.Build.0 = Debug|Any CPU
		{F2E8D27F-88A6-4F36-BC7A-74F1AA253A6E}.Release|Any CPU.ActiveCfg = Release|Any CPU
		{F2E8D27F-88A6-4F36-BC7A-74F1AA253A6E}.Release|Any CPU.Build.0 = Release|Any CPU
		{D6EE7856-D8DC-44B2-94E2-CF994A519DDB}.Debug|Any CPU.ActiveCfg = Debug|Any CPU
		{D6EE7856-D8DC-44B2-94E2-CF994A519DDB}.Debug|Any CPU.Build.0 = Debug|Any CPU
		{D6EE7856-D8DC-44B2-94E2-CF994A519DDB}.Release|Any CPU.ActiveCfg = Release|Any CPU
		{D6EE7856-D8DC-44B2-94E2-CF994A519DDB}.Release|Any CPU.Build.0 = Release|Any CPU
		{28C9C4D7-9F3B-47BA-8261-4D166391666E}.Debug|Any CPU.ActiveCfg = Debug|Any CPU
		{28C9C4D7-9F3B-47BA-8261-4D166391666E}.Debug|Any CPU.Build.0 = Debug|Any CPU
		{28C9C4D7-9F3B-47BA-8261-4D166391666E}.Release|Any CPU.ActiveCfg = Release|Any CPU
		{28C9C4D7-9F3B-47BA-8261-4D166391666E}.Release|Any CPU.Build.0 = Release|Any CPU
		{E1D495CE-92A9-4EB9-994F-762F713E7C5A}.Debug|Any CPU.ActiveCfg = Debug|Any CPU
		{E1D495CE-92A9-4EB9-994F-762F713E7C5A}.Debug|Any CPU.Build.0 = Debug|Any CPU
		{E1D495CE-92A9-4EB9-994F-762F713E7C5A}.Release|Any CPU.ActiveCfg = Release|Any CPU
		{E1D495CE-92A9-4EB9-994F-762F713E7C5A}.Release|Any CPU.Build.0 = Release|Any CPU
		{77C664DF-1D6B-49CF-85F2-2CFA08CDBB0B}.Debug|Any CPU.ActiveCfg = Debug|Any CPU
		{77C664DF-1D6B-49CF-85F2-2CFA08CDBB0B}.Debug|Any CPU.Build.0 = Debug|Any CPU
		{77C664DF-1D6B-49CF-85F2-2CFA08CDBB0B}.Release|Any CPU.ActiveCfg = Release|Any CPU
		{77C664DF-1D6B-49CF-85F2-2CFA08CDBB0B}.Release|Any CPU.Build.0 = Release|Any CPU
		{DDA624EA-4B90-4A7F-A07C-9CBB068139F9}.Debug|Any CPU.ActiveCfg = Debug|Any CPU
		{DDA624EA-4B90-4A7F-A07C-9CBB068139F9}.Debug|Any CPU.Build.0 = Debug|Any CPU
		{DDA624EA-4B90-4A7F-A07C-9CBB068139F9}.Release|Any CPU.ActiveCfg = Release|Any CPU
		{DDA624EA-4B90-4A7F-A07C-9CBB068139F9}.Release|Any CPU.Build.0 = Release|Any CPU
		{4D7CF7FA-365F-4ECD-B4E8-50130D6E9C7A}.Debug|Any CPU.ActiveCfg = Debug|Any CPU
		{4D7CF7FA-365F-4ECD-B4E8-50130D6E9C7A}.Debug|Any CPU.Build.0 = Debug|Any CPU
		{4D7CF7FA-365F-4ECD-B4E8-50130D6E9C7A}.Release|Any CPU.ActiveCfg = Release|Any CPU
		{4D7CF7FA-365F-4ECD-B4E8-50130D6E9C7A}.Release|Any CPU.Build.0 = Release|Any CPU
		{E6E9E306-7EF2-4317-A0C7-C7E51449896E}.Debug|Any CPU.ActiveCfg = Debug|Any CPU
		{E6E9E306-7EF2-4317-A0C7-C7E51449896E}.Debug|Any CPU.Build.0 = Debug|Any CPU
		{E6E9E306-7EF2-4317-A0C7-C7E51449896E}.Release|Any CPU.ActiveCfg = Release|Any CPU
		{E6E9E306-7EF2-4317-A0C7-C7E51449896E}.Release|Any CPU.Build.0 = Release|Any CPU
		{40A5421B-0E3C-4A0B-8A39-BB5D1AA5E230}.Debug|Any CPU.ActiveCfg = Debug|Any CPU
		{40A5421B-0E3C-4A0B-8A39-BB5D1AA5E230}.Debug|Any CPU.Build.0 = Debug|Any CPU
		{40A5421B-0E3C-4A0B-8A39-BB5D1AA5E230}.Release|Any CPU.ActiveCfg = Release|Any CPU
		{40A5421B-0E3C-4A0B-8A39-BB5D1AA5E230}.Release|Any CPU.Build.0 = Release|Any CPU
		{430A7752-111E-408E-81CF-78CA477E03FE}.Debug|Any CPU.ActiveCfg = Debug|Any CPU
		{430A7752-111E-408E-81CF-78CA477E03FE}.Debug|Any CPU.Build.0 = Debug|Any CPU
		{430A7752-111E-408E-81CF-78CA477E03FE}.Release|Any CPU.ActiveCfg = Release|Any CPU
		{430A7752-111E-408E-81CF-78CA477E03FE}.Release|Any CPU.Build.0 = Release|Any CPU
		{5A035054-60C9-4B90-AB65-F5136B803A36}.Debug|Any CPU.ActiveCfg = Debug|Any CPU
		{5A035054-60C9-4B90-AB65-F5136B803A36}.Debug|Any CPU.Build.0 = Debug|Any CPU
		{5A035054-60C9-4B90-AB65-F5136B803A36}.Release|Any CPU.ActiveCfg = Release|Any CPU
		{5A035054-60C9-4B90-AB65-F5136B803A36}.Release|Any CPU.Build.0 = Release|Any CPU
		{B7947B53-1BE7-4D98-8C6B-37CD193F361A}.Debug|Any CPU.ActiveCfg = Debug|Any CPU
		{B7947B53-1BE7-4D98-8C6B-37CD193F361A}.Debug|Any CPU.Build.0 = Debug|Any CPU
		{B7947B53-1BE7-4D98-8C6B-37CD193F361A}.Release|Any CPU.ActiveCfg = Release|Any CPU
		{B7947B53-1BE7-4D98-8C6B-37CD193F361A}.Release|Any CPU.Build.0 = Release|Any CPU
		{0E7DF3D8-59EB-4781-B761-939FEB33D5ED}.Debug|Any CPU.ActiveCfg = Debug|Any CPU
		{0E7DF3D8-59EB-4781-B761-939FEB33D5ED}.Debug|Any CPU.Build.0 = Debug|Any CPU
		{0E7DF3D8-59EB-4781-B761-939FEB33D5ED}.Release|Any CPU.ActiveCfg = Release|Any CPU
		{0E7DF3D8-59EB-4781-B761-939FEB33D5ED}.Release|Any CPU.Build.0 = Release|Any CPU
		{7BFB1244-78F7-4E3E-87CD-2BC0ACCAC6CA}.Debug|Any CPU.ActiveCfg = Debug|Any CPU
		{7BFB1244-78F7-4E3E-87CD-2BC0ACCAC6CA}.Debug|Any CPU.Build.0 = Debug|Any CPU
		{7BFB1244-78F7-4E3E-87CD-2BC0ACCAC6CA}.Release|Any CPU.ActiveCfg = Release|Any CPU
		{7BFB1244-78F7-4E3E-87CD-2BC0ACCAC6CA}.Release|Any CPU.Build.0 = Release|Any CPU
		{E7A894B4-2A9A-4E75-B164-A65FD2E43C8D}.Debug|Any CPU.ActiveCfg = Debug|Any CPU
		{E7A894B4-2A9A-4E75-B164-A65FD2E43C8D}.Debug|Any CPU.Build.0 = Debug|Any CPU
		{E7A894B4-2A9A-4E75-B164-A65FD2E43C8D}.Release|Any CPU.ActiveCfg = Release|Any CPU
		{E7A894B4-2A9A-4E75-B164-A65FD2E43C8D}.Release|Any CPU.Build.0 = Release|Any CPU
		{8B6F7877-525E-4C8C-8A2E-5E72970F77C3}.Debug|Any CPU.ActiveCfg = Debug|Any CPU
		{8B6F7877-525E-4C8C-8A2E-5E72970F77C3}.Debug|Any CPU.Build.0 = Debug|Any CPU
		{8B6F7877-525E-4C8C-8A2E-5E72970F77C3}.Release|Any CPU.ActiveCfg = Release|Any CPU
		{8B6F7877-525E-4C8C-8A2E-5E72970F77C3}.Release|Any CPU.Build.0 = Release|Any CPU
		{BAB944B9-FCD9-43A2-8558-39D5B3B74F0F}.Debug|Any CPU.ActiveCfg = Debug|Any CPU
		{BAB944B9-FCD9-43A2-8558-39D5B3B74F0F}.Debug|Any CPU.Build.0 = Debug|Any CPU
		{BAB944B9-FCD9-43A2-8558-39D5B3B74F0F}.Release|Any CPU.ActiveCfg = Release|Any CPU
		{BAB944B9-FCD9-43A2-8558-39D5B3B74F0F}.Release|Any CPU.Build.0 = Release|Any CPU
		{ED3AD15E-C7ED-444F-A3F2-F135A69B8FAB}.Debug|Any CPU.ActiveCfg = Debug|Any CPU
		{ED3AD15E-C7ED-444F-A3F2-F135A69B8FAB}.Debug|Any CPU.Build.0 = Debug|Any CPU
		{ED3AD15E-C7ED-444F-A3F2-F135A69B8FAB}.Release|Any CPU.ActiveCfg = Release|Any CPU
		{ED3AD15E-C7ED-444F-A3F2-F135A69B8FAB}.Release|Any CPU.Build.0 = Release|Any CPU
		{7899E207-BD11-4533-9919-C49FB0988BF0}.Debug|Any CPU.ActiveCfg = Debug|Any CPU
		{7899E207-BD11-4533-9919-C49FB0988BF0}.Debug|Any CPU.Build.0 = Debug|Any CPU
		{7899E207-BD11-4533-9919-C49FB0988BF0}.Release|Any CPU.ActiveCfg = Release|Any CPU
		{7899E207-BD11-4533-9919-C49FB0988BF0}.Release|Any CPU.Build.0 = Release|Any CPU
		{325491FA-42BD-4E50-81F2-ED56B3F07E22}.Debug|Any CPU.ActiveCfg = Debug|Any CPU
		{325491FA-42BD-4E50-81F2-ED56B3F07E22}.Debug|Any CPU.Build.0 = Debug|Any CPU
		{325491FA-42BD-4E50-81F2-ED56B3F07E22}.Release|Any CPU.ActiveCfg = Release|Any CPU
		{325491FA-42BD-4E50-81F2-ED56B3F07E22}.Release|Any CPU.Build.0 = Release|Any CPU
		{126A7A9D-CE0A-446D-8E67-777835340211}.Debug|Any CPU.ActiveCfg = Debug|Any CPU
		{126A7A9D-CE0A-446D-8E67-777835340211}.Debug|Any CPU.Build.0 = Debug|Any CPU
		{126A7A9D-CE0A-446D-8E67-777835340211}.Release|Any CPU.ActiveCfg = Release|Any CPU
		{126A7A9D-CE0A-446D-8E67-777835340211}.Release|Any CPU.Build.0 = Release|Any CPU
		{39188C7F-E7C9-4E1E-8891-8B7BEB105B44}.Debug|Any CPU.ActiveCfg = Debug|Any CPU
		{39188C7F-E7C9-4E1E-8891-8B7BEB105B44}.Debug|Any CPU.Build.0 = Debug|Any CPU
		{39188C7F-E7C9-4E1E-8891-8B7BEB105B44}.Release|Any CPU.ActiveCfg = Release|Any CPU
		{39188C7F-E7C9-4E1E-8891-8B7BEB105B44}.Release|Any CPU.Build.0 = Release|Any CPU
		{3F58FABC-F97C-4473-9C24-25014EC1A1B3}.Debug|Any CPU.ActiveCfg = Debug|Any CPU
		{3F58FABC-F97C-4473-9C24-25014EC1A1B3}.Debug|Any CPU.Build.0 = Debug|Any CPU
		{3F58FABC-F97C-4473-9C24-25014EC1A1B3}.Release|Any CPU.ActiveCfg = Release|Any CPU
		{3F58FABC-F97C-4473-9C24-25014EC1A1B3}.Release|Any CPU.Build.0 = Release|Any CPU
		{7083E817-CF12-4A47-B78A-B9D3B78D37B5}.Debug|Any CPU.ActiveCfg = Debug|Any CPU
		{7083E817-CF12-4A47-B78A-B9D3B78D37B5}.Debug|Any CPU.Build.0 = Debug|Any CPU
		{7083E817-CF12-4A47-B78A-B9D3B78D37B5}.Release|Any CPU.ActiveCfg = Release|Any CPU
		{7083E817-CF12-4A47-B78A-B9D3B78D37B5}.Release|Any CPU.Build.0 = Release|Any CPU
		{AA484104-A7D1-47BB-9C75-F5C8BB498CFE}.Debug|Any CPU.ActiveCfg = Debug|Any CPU
		{AA484104-A7D1-47BB-9C75-F5C8BB498CFE}.Debug|Any CPU.Build.0 = Debug|Any CPU
		{AA484104-A7D1-47BB-9C75-F5C8BB498CFE}.Release|Any CPU.ActiveCfg = Release|Any CPU
		{AA484104-A7D1-47BB-9C75-F5C8BB498CFE}.Release|Any CPU.Build.0 = Release|Any CPU
		{55BE0CE4-4E3F-43E7-9405-63388A2C9EBA}.Debug|Any CPU.ActiveCfg = Debug|Any CPU
		{55BE0CE4-4E3F-43E7-9405-63388A2C9EBA}.Debug|Any CPU.Build.0 = Debug|Any CPU
		{55BE0CE4-4E3F-43E7-9405-63388A2C9EBA}.Release|Any CPU.ActiveCfg = Release|Any CPU
		{55BE0CE4-4E3F-43E7-9405-63388A2C9EBA}.Release|Any CPU.Build.0 = Release|Any CPU
		{3FBD4070-F06A-4640-99E9-31A6814B4AE6}.Debug|Any CPU.ActiveCfg = Debug|Any CPU
		{3FBD4070-F06A-4640-99E9-31A6814B4AE6}.Debug|Any CPU.Build.0 = Debug|Any CPU
		{3FBD4070-F06A-4640-99E9-31A6814B4AE6}.Release|Any CPU.ActiveCfg = Release|Any CPU
		{3FBD4070-F06A-4640-99E9-31A6814B4AE6}.Release|Any CPU.Build.0 = Release|Any CPU
		{B58B19CB-EC09-4058-9A90-E5FA4955755E}.Debug|Any CPU.ActiveCfg = Debug|Any CPU
		{B58B19CB-EC09-4058-9A90-E5FA4955755E}.Debug|Any CPU.Build.0 = Debug|Any CPU
		{B58B19CB-EC09-4058-9A90-E5FA4955755E}.Release|Any CPU.ActiveCfg = Release|Any CPU
		{B58B19CB-EC09-4058-9A90-E5FA4955755E}.Release|Any CPU.Build.0 = Release|Any CPU
		{7EF8FB53-5779-4E01-8F7E-BE154AE0D4A4}.Debug|Any CPU.ActiveCfg = Debug|Any CPU
		{7EF8FB53-5779-4E01-8F7E-BE154AE0D4A4}.Debug|Any CPU.Build.0 = Debug|Any CPU
		{7EF8FB53-5779-4E01-8F7E-BE154AE0D4A4}.Release|Any CPU.ActiveCfg = Release|Any CPU
		{7EF8FB53-5779-4E01-8F7E-BE154AE0D4A4}.Release|Any CPU.Build.0 = Release|Any CPU
		{F535072B-A734-4004-97BA-DCBAF4ABA0DC}.Debug|Any CPU.ActiveCfg = Debug|Any CPU
		{F535072B-A734-4004-97BA-DCBAF4ABA0DC}.Debug|Any CPU.Build.0 = Debug|Any CPU
		{F535072B-A734-4004-97BA-DCBAF4ABA0DC}.Release|Any CPU.ActiveCfg = Release|Any CPU
		{F535072B-A734-4004-97BA-DCBAF4ABA0DC}.Release|Any CPU.Build.0 = Release|Any CPU
		{0DB71F34-AFB4-4708-9005-6692E94DB411}.Debug|Any CPU.ActiveCfg = Debug|Any CPU
		{0DB71F34-AFB4-4708-9005-6692E94DB411}.Debug|Any CPU.Build.0 = Debug|Any CPU
		{0DB71F34-AFB4-4708-9005-6692E94DB411}.Release|Any CPU.ActiveCfg = Release|Any CPU
		{0DB71F34-AFB4-4708-9005-6692E94DB411}.Release|Any CPU.Build.0 = Release|Any CPU
		{412231D8-ADFE-41A6-8FDF-54BE8B23160C}.Debug|Any CPU.ActiveCfg = Debug|Any CPU
		{412231D8-ADFE-41A6-8FDF-54BE8B23160C}.Debug|Any CPU.Build.0 = Debug|Any CPU
		{412231D8-ADFE-41A6-8FDF-54BE8B23160C}.Release|Any CPU.ActiveCfg = Release|Any CPU
		{412231D8-ADFE-41A6-8FDF-54BE8B23160C}.Release|Any CPU.Build.0 = Release|Any CPU
		{30A8FF49-D606-480C-993B-4AAB9E02EEEA}.Debug|Any CPU.ActiveCfg = Debug|Any CPU
		{30A8FF49-D606-480C-993B-4AAB9E02EEEA}.Debug|Any CPU.Build.0 = Debug|Any CPU
		{30A8FF49-D606-480C-993B-4AAB9E02EEEA}.Release|Any CPU.ActiveCfg = Release|Any CPU
		{30A8FF49-D606-480C-993B-4AAB9E02EEEA}.Release|Any CPU.Build.0 = Release|Any CPU
	EndGlobalSection
	GlobalSection(SolutionProperties) = preSolution
		HideSolutionNode = FALSE
	EndGlobalSection
	GlobalSection(ExtensibilityGlobals) = postSolution
		SolutionGuid = {F9D4F982-A5ED-42D8-853A-D055C0A79DD3}
	EndGlobalSection
EndGlobal
