
Microsoft Visual Studio Solution File, Format Version 12.00
# Visual Studio Version 17
VisualStudioVersion = 17.5.002.0
MinimumVisualStudioVersion = 10.0.40219.1
Project("{9A19103F-16F7-4668-BE54-9A1E7A4F7556}") = "Exercicios", "Exercicios.csproj", "{5039C3F8-E6B7-4C6C-BA11-33E97F586FF7}"
EndProject
Project("{9A19103F-16F7-4668-BE54-9A1E7A4F7556}") = "1001", "1001\1001.csproj", "{A36309EB-91AA-4537-A0CE-8880F38FBA07}"
EndProject
Global
	GlobalSection(SolutionConfigurationPlatforms) = preSolution
		Debug|Any CPU = Debug|Any CPU
		Release|Any CPU = Release|Any CPU
	EndGlobalSection
	GlobalSection(ProjectConfigurationPlatforms) = postSolution
		{5039C3F8-E6B7-4C6C-BA11-33E97F586FF7}.Debug|Any CPU.ActiveCfg = Debug|Any CPU
		{5039C3F8-E6B7-4C6C-BA11-33E97F586FF7}.Debug|Any CPU.Build.0 = Debug|Any CPU
		{5039C3F8-E6B7-4C6C-BA11-33E97F586FF7}.Release|Any CPU.ActiveCfg = Release|Any CPU
		{5039C3F8-E6B7-4C6C-BA11-33E97F586FF7}.Release|Any CPU.Build.0 = Release|Any CPU
		{A36309EB-91AA-4537-A0CE-8880F38FBA07}.Debug|Any CPU.ActiveCfg = Debug|Any CPU
		{A36309EB-91AA-4537-A0CE-8880F38FBA07}.Debug|Any CPU.Build.0 = Debug|Any CPU
		{A36309EB-91AA-4537-A0CE-8880F38FBA07}.Release|Any CPU.ActiveCfg = Release|Any CPU
		{A36309EB-91AA-4537-A0CE-8880F38FBA07}.Release|Any CPU.Build.0 = Release|Any CPU
	EndGlobalSection
	GlobalSection(SolutionProperties) = preSolution
		HideSolutionNode = FALSE
	EndGlobalSection
	GlobalSection(ExtensibilityGlobals) = postSolution
		SolutionGuid = {F9D4F982-A5ED-42D8-853A-D055C0A79DD3}
	EndGlobalSection
EndGlobal
